// !$*UTF8*$!
{
	archiveVersion = 1;
	classes = {
	};
	objectVersion = 50;
	objects = {

/* Begin PBXBuildFile section */
		744DB6492407B0910056C47F /* AppDelegate.swift in Sources */ = {isa = PBXBuildFile; fileRef = 744DB6482407B0910056C47F /* AppDelegate.swift */; };
		744DB64B2407B0910056C47F /* SceneDelegate.swift in Sources */ = {isa = PBXBuildFile; fileRef = 744DB64A2407B0910056C47F /* SceneDelegate.swift */; };
		744DB64D2407B0910056C47F /* ViewController.swift in Sources */ = {isa = PBXBuildFile; fileRef = 744DB64C2407B0910056C47F /* ViewController.swift */; };
		744DB6502407B0910056C47F /* Main.storyboard in Resources */ = {isa = PBXBuildFile; fileRef = 744DB64E2407B0910056C47F /* Main.storyboard */; };
		744DB6522407B0930056C47F /* Assets.xcassets in Resources */ = {isa = PBXBuildFile; fileRef = 744DB6512407B0930056C47F /* Assets.xcassets */; };
		744DB6552407B0930056C47F /* LaunchScreen.storyboard in Resources */ = {isa = PBXBuildFile; fileRef = 744DB6532407B0930056C47F /* LaunchScreen.storyboard */; };
		744DB6602407B8F00056C47F /* UIView+Layout.swift in Sources */ = {isa = PBXBuildFile; fileRef = 744DB65F2407B8F00056C47F /* UIView+Layout.swift */; };
		744DB662240828340056C47F /* UIAnimatorProperty+Convenience.swift in Sources */ = {isa = PBXBuildFile; fileRef = 744DB661240828340056C47F /* UIAnimatorProperty+Convenience.swift */; };
		744DB66424082C580056C47F /* DummyViewController.swift in Sources */ = {isa = PBXBuildFile; fileRef = 744DB66324082C580056C47F /* DummyViewController.swift */; };
		744DB6662408494E0056C47F /* DrawerHitAreaView.swift in Sources */ = {isa = PBXBuildFile; fileRef = 744DB6652408494E0056C47F /* DrawerHitAreaView.swift */; };
		744DB668240859720056C47F /* TouchDismisserView.swift in Sources */ = {isa = PBXBuildFile; fileRef = 744DB667240859720056C47F /* TouchDismisserView.swift */; };
		744DB66C240965B80056C47F /* DrawerViewController.swift in Sources */ = {isa = PBXBuildFile; fileRef = 744DB66B240965B80056C47F /* DrawerViewController.swift */; };
/* End PBXBuildFile section */

/* Begin PBXFileReference section */
		744DB6452407B0910056C47F /* Pinpad.app */ = {isa = PBXFileReference; explicitFileType = wrapper.application; includeInIndex = 0; path = Pinpad.app; sourceTree = BUILT_PRODUCTS_DIR; };
		744DB6482407B0910056C47F /* AppDelegate.swift */ = {isa = PBXFileReference; lastKnownFileType = sourcecode.swift; path = AppDelegate.swift; sourceTree = "<group>"; };
		744DB64A2407B0910056C47F /* SceneDelegate.swift */ = {isa = PBXFileReference; lastKnownFileType = sourcecode.swift; path = SceneDelegate.swift; sourceTree = "<group>"; };
		744DB64C2407B0910056C47F /* ViewController.swift */ = {isa = PBXFileReference; lastKnownFileType = sourcecode.swift; path = ViewController.swift; sourceTree = "<group>"; };
		744DB64F2407B0910056C47F /* Base */ = {isa = PBXFileReference; lastKnownFileType = file.storyboard; name = Base; path = Base.lproj/Main.storyboard; sourceTree = "<group>"; };
		744DB6512407B0930056C47F /* Assets.xcassets */ = {isa = PBXFileReference; lastKnownFileType = folder.assetcatalog; path = Assets.xcassets; sourceTree = "<group>"; };
		744DB6542407B0930056C47F /* Base */ = {isa = PBXFileReference; lastKnownFileType = file.storyboard; name = Base; path = Base.lproj/LaunchScreen.storyboard; sourceTree = "<group>"; };
		744DB6562407B0930056C47F /* Info.plist */ = {isa = PBXFileReference; lastKnownFileType = text.plist.xml; path = Info.plist; sourceTree = "<group>"; };
		744DB65F2407B8F00056C47F /* UIView+Layout.swift */ = {isa = PBXFileReference; fileEncoding = 4; lastKnownFileType = sourcecode.swift; name = "UIView+Layout.swift"; path = "Pinpad/UIView+Layout.swift"; sourceTree = SOURCE_ROOT; };
		744DB661240828340056C47F /* UIAnimatorProperty+Convenience.swift */ = {isa = PBXFileReference; lastKnownFileType = sourcecode.swift; path = "UIAnimatorProperty+Convenience.swift"; sourceTree = "<group>"; };
		744DB66324082C580056C47F /* DummyViewController.swift */ = {isa = PBXFileReference; lastKnownFileType = sourcecode.swift; path = DummyViewController.swift; sourceTree = "<group>"; };
		744DB6652408494E0056C47F /* DrawerHitAreaView.swift */ = {isa = PBXFileReference; lastKnownFileType = sourcecode.swift; path = DrawerHitAreaView.swift; sourceTree = "<group>"; };
		744DB667240859720056C47F /* TouchDismisserView.swift */ = {isa = PBXFileReference; lastKnownFileType = sourcecode.swift; path = TouchDismisserView.swift; sourceTree = "<group>"; };
		744DB66B240965B80056C47F /* DrawerViewController.swift */ = {isa = PBXFileReference; fileEncoding = 4; lastKnownFileType = sourcecode.swift; path = DrawerViewController.swift; sourceTree = "<group>"; };
/* End PBXFileReference section */

/* Begin PBXFrameworksBuildPhase section */
		744DB6422407B0910056C47F /* Frameworks */ = {
			isa = PBXFrameworksBuildPhase;
			buildActionMask = 2147483647;
			files = (
			);
			runOnlyForDeploymentPostprocessing = 0;
		};
/* End PBXFrameworksBuildPhase section */

/* Begin PBXGroup section */
		744DB63C2407B0910056C47F = {
			isa = PBXGroup;
			children = (
				744DB6472407B0910056C47F /* Pinpad */,
				744DB6462407B0910056C47F /* Products */,
			);
			sourceTree = "<group>";
		};
		744DB6462407B0910056C47F /* Products */ = {
			isa = PBXGroup;
			children = (
				744DB6452407B0910056C47F /* Pinpad.app */,
			);
			name = Products;
			sourceTree = "<group>";
		};
		744DB6472407B0910056C47F /* Pinpad */ = {
			isa = PBXGroup;
			children = (
				744DB65E2407B7250056C47F /* PinPad */,
				744DB6482407B0910056C47F /* AppDelegate.swift */,
				744DB64A2407B0910056C47F /* SceneDelegate.swift */,
				744DB64E2407B0910056C47F /* Main.storyboard */,
				744DB6512407B0930056C47F /* Assets.xcassets */,
				744DB6532407B0930056C47F /* LaunchScreen.storyboard */,
				744DB6562407B0930056C47F /* Info.plist */,
				744DB66324082C580056C47F /* DummyViewController.swift */,
			);
			path = Pinpad;
			sourceTree = "<group>";
		};
		744DB65E2407B7250056C47F /* PinPad */ = {
			isa = PBXGroup;
			children = (
				744DB66B240965B80056C47F /* DrawerViewController.swift */,
				744DB64C2407B0910056C47F /* ViewController.swift */,
				744DB65F2407B8F00056C47F /* UIView+Layout.swift */,
				744DB661240828340056C47F /* UIAnimatorProperty+Convenience.swift */,
				744DB6652408494E0056C47F /* DrawerHitAreaView.swift */,
				744DB667240859720056C47F /* TouchDismisserView.swift */,
			);
			path = PinPad;
			sourceTree = "<group>";
		};
/* End PBXGroup section */

/* Begin PBXNativeTarget section */
		744DB6442407B0910056C47F /* Pinpad */ = {
			isa = PBXNativeTarget;
			buildConfigurationList = 744DB6592407B0930056C47F /* Build configuration list for PBXNativeTarget "Pinpad" */;
			buildPhases = (
				744DB6412407B0910056C47F /* Sources */,
				744DB6422407B0910056C47F /* Frameworks */,
				744DB6432407B0910056C47F /* Resources */,
			);
			buildRules = (
			);
			dependencies = (
			);
			name = Pinpad;
			productName = Pinpad;
			productReference = 744DB6452407B0910056C47F /* Pinpad.app */;
			productType = "com.apple.product-type.application";
		};
/* End PBXNativeTarget section */

/* Begin PBXProject section */
		744DB63D2407B0910056C47F /* Project object */ = {
			isa = PBXProject;
			attributes = {
				LastSwiftUpdateCheck = 1130;
				LastUpgradeCheck = 1130;
				ORGANIZATIONNAME = payback;
				TargetAttributes = {
					744DB6442407B0910056C47F = {
						CreatedOnToolsVersion = 11.3.1;
					};
				};
			};
			buildConfigurationList = 744DB6402407B0910056C47F /* Build configuration list for PBXProject "Pinpad" */;
			compatibilityVersion = "Xcode 9.3";
			developmentRegion = en;
			hasScannedForEncodings = 0;
			knownRegions = (
				en,
				Base,
			);
			mainGroup = 744DB63C2407B0910056C47F;
			productRefGroup = 744DB6462407B0910056C47F /* Products */;
			projectDirPath = "";
			projectRoot = "";
			targets = (
				744DB6442407B0910056C47F /* Pinpad */,
			);
		};
/* End PBXProject section */

/* Begin PBXResourcesBuildPhase section */
		744DB6432407B0910056C47F /* Resources */ = {
			isa = PBXResourcesBuildPhase;
			buildActionMask = 2147483647;
			files = (
				744DB6552407B0930056C47F /* LaunchScreen.storyboard in Resources */,
				744DB6522407B0930056C47F /* Assets.xcassets in Resources */,
				744DB6502407B0910056C47F /* Main.storyboard in Resources */,
			);
			runOnlyForDeploymentPostprocessing = 0;
		};
/* End PBXResourcesBuildPhase section */

/* Begin PBXSourcesBuildPhase section */
		744DB6412407B0910056C47F /* Sources */ = {
			isa = PBXSourcesBuildPhase;
			buildActionMask = 2147483647;
			files = (
				744DB668240859720056C47F /* TouchDismisserView.swift in Sources */,
				744DB66424082C580056C47F /* DummyViewController.swift in Sources */,
				744DB64D2407B0910056C47F /* ViewController.swift in Sources */,
				744DB6662408494E0056C47F /* DrawerHitAreaView.swift in Sources */,
				744DB66C240965B80056C47F /* DrawerViewController.swift in Sources */,
				744DB662240828340056C47F /* UIAnimatorProperty+Convenience.swift in Sources */,
				744DB6492407B0910056C47F /* AppDelegate.swift in Sources */,
				744DB64B2407B0910056C47F /* SceneDelegate.swift in Sources */,
				744DB6602407B8F00056C47F /* UIView+Layout.swift in Sources */,
			);
			runOnlyForDeploymentPostprocessing = 0;
		};
/* End PBXSourcesBuildPhase section */

/* Begin PBXVariantGroup section */
		744DB64E2407B0910056C47F /* Main.storyboard */ = {
			isa = PBXVariantGroup;
			children = (
				744DB64F2407B0910056C47F /* Base */,
			);
			name = Main.storyboard;
			sourceTree = "<group>";
		};
		744DB6532407B0930056C47F /* LaunchScreen.storyboard */ = {
			isa = PBXVariantGroup;
			children = (
				744DB6542407B0930056C47F /* Base */,
			);
			name = LaunchScreen.storyboard;
			sourceTree = "<group>";
		};
/* End PBXVariantGroup section */

/* Begin XCBuildConfiguration section */
		744DB6572407B0930056C47F /* Debug */ = {
			isa = XCBuildConfiguration;
			buildSettings = {
				ALWAYS_SEARCH_USER_PATHS = NO;
				CLANG_ANALYZER_NONNULL = YES;
				CLANG_ANALYZER_NUMBER_OBJECT_CONVERSION = YES_AGGRESSIVE;
				CLANG_CXX_LANGUAGE_STANDARD = "gnu++14";
				CLANG_CXX_LIBRARY = "libc++";
				CLANG_ENABLE_MODULES = YES;
				CLANG_ENABLE_OBJC_ARC = YES;
				CLANG_ENABLE_OBJC_WEAK = YES;
				CLANG_WARN_BLOCK_CAPTURE_AUTORELEASING = YES;
				CLANG_WARN_BOOL_CONVERSION = YES;
				CLANG_WARN_COMMA = YES;
				CLANG_WARN_CONSTANT_CONVERSION = YES;
				CLANG_WARN_DEPRECATED_OBJC_IMPLEMENTATIONS = YES;
				CLANG_WARN_DIRECT_OBJC_ISA_USAGE = YES_ERROR;
				CLANG_WARN_DOCUMENTATION_COMMENTS = YES;
				CLANG_WARN_EMPTY_BODY = YES;
				CLANG_WARN_ENUM_CONVERSION = YES;
				CLANG_WARN_INFINITE_RECURSION = YES;
				CLANG_WARN_INT_CONVERSION = YES;
				CLANG_WARN_NON_LITERAL_NULL_CONVERSION = YES;
				CLANG_WARN_OBJC_IMPLICIT_RETAIN_SELF = YES;
				CLANG_WARN_OBJC_LITERAL_CONVERSION = YES;
				CLANG_WARN_OBJC_ROOT_CLASS = YES_ERROR;
				CLANG_WARN_RANGE_LOOP_ANALYSIS = YES;
				CLANG_WARN_STRICT_PROTOTYPES = YES;
				CLANG_WARN_SUSPICIOUS_MOVE = YES;
				CLANG_WARN_UNGUARDED_AVAILABILITY = YES_AGGRESSIVE;
				CLANG_WARN_UNREACHABLE_CODE = YES;
				CLANG_WARN__DUPLICATE_METHOD_MATCH = YES;
				COPY_PHASE_STRIP = NO;
				DEBUG_INFORMATION_FORMAT = dwarf;
				ENABLE_STRICT_OBJC_MSGSEND = YES;
				ENABLE_TESTABILITY = YES;
				GCC_C_LANGUAGE_STANDARD = gnu11;
				GCC_DYNAMIC_NO_PIC = NO;
				GCC_NO_COMMON_BLOCKS = YES;
				GCC_OPTIMIZATION_LEVEL = 0;
				GCC_PREPROCESSOR_DEFINITIONS = (
					"DEBUG=1",
					"$(inherited)",
				);
				GCC_WARN_64_TO_32_BIT_CONVERSION = YES;
				GCC_WARN_ABOUT_RETURN_TYPE = YES_ERROR;
				GCC_WARN_UNDECLARED_SELECTOR = YES;
				GCC_WARN_UNINITIALIZED_AUTOS = YES_AGGRESSIVE;
				GCC_WARN_UNUSED_FUNCTION = YES;
				GCC_WARN_UNUSED_VARIABLE = YES;
				IPHONEOS_DEPLOYMENT_TARGET = 13.2;
				MTL_ENABLE_DEBUG_INFO = INCLUDE_SOURCE;
				MTL_FAST_MATH = YES;
				ONLY_ACTIVE_ARCH = YES;
				SDKROOT = iphoneos;
				SWIFT_ACTIVE_COMPILATION_CONDITIONS = DEBUG;
				SWIFT_OPTIMIZATION_LEVEL = "-Onone";
			};
			name = Debug;
		};
		744DB6582407B0930056C47F /* Release */ = {
			isa = XCBuildConfiguration;
			buildSettings = {
				ALWAYS_SEARCH_USER_PATHS = NO;
				CLANG_ANALYZER_NONNULL = YES;
				CLANG_ANALYZER_NUMBER_OBJECT_CONVERSION = YES_AGGRESSIVE;
				CLANG_CXX_LANGUAGE_STANDARD = "gnu++14";
				CLANG_CXX_LIBRARY = "libc++";
				CLANG_ENABLE_MODULES = YES;
				CLANG_ENABLE_OBJC_ARC = YES;
				CLANG_ENABLE_OBJC_WEAK = YES;
				CLANG_WARN_BLOCK_CAPTURE_AUTORELEASING = YES;
				CLANG_WARN_BOOL_CONVERSION = YES;
				CLANG_WARN_COMMA = YES;
				CLANG_WARN_CONSTANT_CONVERSION = YES;
				CLANG_WARN_DEPRECATED_OBJC_IMPLEMENTATIONS = YES;
				CLANG_WARN_DIRECT_OBJC_ISA_USAGE = YES_ERROR;
				CLANG_WARN_DOCUMENTATION_COMMENTS = YES;
				CLANG_WARN_EMPTY_BODY = YES;
				CLANG_WARN_ENUM_CONVERSION = YES;
				CLANG_WARN_INFINITE_RECURSION = YES;
				CLANG_WARN_INT_CONVERSION = YES;
				CLANG_WARN_NON_LITERAL_NULL_CONVERSION = YES;
				CLANG_WARN_OBJC_IMPLICIT_RETAIN_SELF = YES;
				CLANG_WARN_OBJC_LITERAL_CONVERSION = YES;
				CLANG_WARN_OBJC_ROOT_CLASS = YES_ERROR;
				CLANG_WARN_RANGE_LOOP_ANALYSIS = YES;
				CLANG_WARN_STRICT_PROTOTYPES = YES;
				CLANG_WARN_SUSPICIOUS_MOVE = YES;
				CLANG_WARN_UNGUARDED_AVAILABILITY = YES_AGGRESSIVE;
				CLANG_WARN_UNREACHABLE_CODE = YES;
				CLANG_WARN__DUPLICATE_METHOD_MATCH = YES;
				COPY_PHASE_STRIP = NO;
				DEBUG_INFORMATION_FORMAT = "dwarf-with-dsym";
				ENABLE_NS_ASSERTIONS = NO;
				ENABLE_STRICT_OBJC_MSGSEND = YES;
				GCC_C_LANGUAGE_STANDARD = gnu11;
				GCC_NO_COMMON_BLOCKS = YES;
				GCC_WARN_64_TO_32_BIT_CONVERSION = YES;
				GCC_WARN_ABOUT_RETURN_TYPE = YES_ERROR;
				GCC_WARN_UNDECLARED_SELECTOR = YES;
				GCC_WARN_UNINITIALIZED_AUTOS = YES_AGGRESSIVE;
				GCC_WARN_UNUSED_FUNCTION = YES;
				GCC_WARN_UNUSED_VARIABLE = YES;
				IPHONEOS_DEPLOYMENT_TARGET = 13.2;
				MTL_ENABLE_DEBUG_INFO = NO;
				MTL_FAST_MATH = YES;
				SDKROOT = iphoneos;
				SWIFT_COMPILATION_MODE = wholemodule;
				SWIFT_OPTIMIZATION_LEVEL = "-O";
				VALIDATE_PRODUCT = YES;
			};
			name = Release;
		};
		744DB65A2407B0930056C47F /* Debug */ = {
			isa = XCBuildConfiguration;
			buildSettings = {
				ASSETCATALOG_COMPILER_APPICON_NAME = AppIcon;
				CODE_SIGN_STYLE = Automatic;
				DEVELOPMENT_TEAM = R895WUS4VT;
				INFOPLIST_FILE = Pinpad/Info.plist;
				LD_RUNPATH_SEARCH_PATHS = (
					"$(inherited)",
					"@executable_path/Frameworks",
				);
				PRODUCT_BUNDLE_IDENTIFIER = payback.net.Pinpad;
				PRODUCT_NAME = "$(TARGET_NAME)";
				SWIFT_VERSION = 5.0;
				TARGETED_DEVICE_FAMILY = "1,2";
			};
			name = Debug;
		};
		744DB65B2407B0930056C47F /* Release */ = {
			isa = XCBuildConfiguration;
			buildSettings = {
				ASSETCATALOG_COMPILER_APPICON_NAME = AppIcon;
				CODE_SIGN_STYLE = Automatic;
				DEVELOPMENT_TEAM = R895WUS4VT;
				INFOPLIST_FILE = Pinpad/Info.plist;
				LD_RUNPATH_SEARCH_PATHS = (
					"$(inherited)",
					"@executable_path/Frameworks",
				);
				PRODUCT_BUNDLE_IDENTIFIER = payback.net.Pinpad;
				PRODUCT_NAME = "$(TARGET_NAME)";
				SWIFT_VERSION = 5.0;
				TARGETED_DEVICE_FAMILY = "1,2";
			};
			name = Release;
		};
/* End XCBuildConfiguration section */

/* Begin XCConfigurationList section */
		744DB6402407B0910056C47F /* Build configuration list for PBXProject "Pinpad" */ = {
			isa = XCConfigurationList;
			buildConfigurations = (
				744DB6572407B0930056C47F /* Debug */,
				744DB6582407B0930056C47F /* Release */,
			);
			defaultConfigurationIsVisible = 0;
			defaultConfigurationName = Release;
		};
		744DB6592407B0930056C47F /* Build configuration list for PBXNativeTarget "Pinpad" */ = {
			isa = XCConfigurationList;
			buildConfigurations = (
				744DB65A2407B0930056C47F /* Debug */,
				744DB65B2407B0930056C47F /* Release */,
			);
			defaultConfigurationIsVisible = 0;
			defaultConfigurationName = Release;
		};
/* End XCConfigurationList section */
	};
	rootObject = 744DB63D2407B0910056C47F /* Project object */;
}
